
Microsoft Visual Studio Solution File, Format Version 12.00
# Visual Studio Version 16
VisualStudioVersion = 16.0.32228.343
MinimumVisualStudioVersion = 10.0.40219.1
Project("{8BC9CEB8-8B4A-11D0-8D11-00A0C91BC942}") = "Terazjuzsdizo", "Terazjuzsdizo.vcxproj", "{BCB14442-D7EF-4993-953C-58BB5A283172}"
EndProject
Global
	GlobalSection(SolutionConfigurationPlatforms) = preSolution
		Debug|x64 = Debug|x64
		Debug|x86 = Debug|x86
		Release|x64 = Release|x64
		Release|x86 = Release|x86
	EndGlobalSection
	GlobalSection(ProjectConfigurationPlatforms) = postSolution
		{BCB14442-D7EF-4993-953C-58BB5A283172}.Debug|x64.ActiveCfg = Debug|x64
		{BCB14442-D7EF-4993-953C-58BB5A283172}.Debug|x64.Build.0 = Debug|x64
		{BCB14442-D7EF-4993-953C-58BB5A283172}.Debug|x86.ActiveCfg = Debug|Win32
		{BCB14442-D7EF-4993-953C-58BB5A283172}.Debug|x86.Build.0 = Debug|Win32
		{BCB14442-D7EF-4993-953C-58BB5A283172}.Release|x64.ActiveCfg = Release|x64
		{BCB14442-D7EF-4993-953C-58BB5A283172}.Release|x64.Build.0 = Release|x64
		{BCB14442-D7EF-4993-953C-58BB5A283172}.Release|x86.ActiveCfg = Release|Win32
		{BCB14442-D7EF-4993-953C-58BB5A283172}.Release|x86.Build.0 = Release|Win32
	EndGlobalSection
	GlobalSection(SolutionProperties) = preSolution
		HideSolutionNode = FALSE
	EndGlobalSection
	GlobalSection(ExtensibilityGlobals) = postSolution
		SolutionGuid = {FE3A7E5E-79E0-42F2-8E30-F69820B4EAAF}
	EndGlobalSection
EndGlobal
